
Microsoft Visual Studio Solution File, Format Version 12.00
# Visual Studio Version 16
VisualStudioVersion = 16.0.31729.503
MinimumVisualStudioVersion = 10.0.40219.1
Project("{FAE04EC0-301F-11D3-BF4B-00C04F79EFBC}") = "DownloadImage_using_Regex", "DownloadImage_using_Regex\DownloadImage_using_Regex.csproj", "{6BCEA57D-FB64-47A4-B499-42657A14EA59}"
EndProject
Global
	GlobalSection(SolutionConfigurationPlatforms) = preSolution
		Debug|Any CPU = Debug|Any CPU
		Release|Any CPU = Release|Any CPU
	EndGlobalSection
	GlobalSection(ProjectConfigurationPlatforms) = postSolution
		{6BCEA57D-FB64-47A4-B499-42657A14EA59}.Debug|Any CPU.ActiveCfg = Debug|Any CPU
		{6BCEA57D-FB64-47A4-B499-42657A14EA59}.Debug|Any CPU.Build.0 = Debug|Any CPU
		{6BCEA57D-FB64-47A4-B499-42657A14EA59}.Release|Any CPU.ActiveCfg = Release|Any CPU
		{6BCEA57D-FB64-47A4-B499-42657A14EA59}.Release|Any CPU.Build.0 = Release|Any CPU
	EndGlobalSection
	GlobalSection(SolutionProperties) = preSolution
		HideSolutionNode = FALSE
	EndGlobalSection
	GlobalSection(ExtensibilityGlobals) = postSolution
		SolutionGuid = {11F850D1-1EC6-4F22-8457-7FD6753A032E}
	EndGlobalSection
EndGlobal
